// !$*UTF8*$!
{
	archiveVersion = 1;
	classes = {
	};
	objectVersion = 46;
	objects = {

/* Begin PBXBuildFile section */
		0743829F1BE19CDB001AD010 /* main.cpp in Sources */ = {isa = PBXBuildFile; fileRef = 0743829E1BE19CDB001AD010 /* main.cpp */; };
		074382A81BE594EC001AD010 /* LinkedList.cpp in Sources */ = {isa = PBXBuildFile; fileRef = 074382A61BE594EC001AD010 /* LinkedList.cpp */; };
		07F467C51BF2CE98007FA5F3 /* SequentialList.cpp in Sources */ = {isa = PBXBuildFile; fileRef = 07F467C31BF2CE98007FA5F3 /* SequentialList.cpp */; };
		07F467C81BF419BB007FA5F3 /* DoublyLinkedList.cpp in Sources */ = {isa = PBXBuildFile; fileRef = 07F467C61BF419BB007FA5F3 /* DoublyLinkedList.cpp */; };
		07F467CB1BF55E67007FA5F3 /* DynamicStack.cpp in Sources */ = {isa = PBXBuildFile; fileRef = 07F467C91BF55E67007FA5F3 /* DynamicStack.cpp */; };
		07F467CE1BF5621B007FA5F3 /* CircularQueue.cpp in Sources */ = {isa = PBXBuildFile; fileRef = 07F467CC1BF5621B007FA5F3 /* CircularQueue.cpp */; };
		07F467D11BF8431C007FA5F3 /* PriorityQueue.cpp in Sources */ = {isa = PBXBuildFile; fileRef = 07F467CF1BF8431C007FA5F3 /* PriorityQueue.cpp */; };
		07F467D41BF84329007FA5F3 /* BinarySearchTree.cpp in Sources */ = {isa = PBXBuildFile; fileRef = 07F467D21BF84329007FA5F3 /* BinarySearchTree.cpp */; };
/* End PBXBuildFile section */

/* Begin PBXCopyFilesBuildPhase section */
		074382991BE19CDB001AD010 /* CopyFiles */ = {
			isa = PBXCopyFilesBuildPhase;
			buildActionMask = 2147483647;
			dstPath = /usr/share/man/man1/;
			dstSubfolderSpec = 0;
			files = (
			);
			runOnlyForDeploymentPostprocessing = 1;
		};
/* End PBXCopyFilesBuildPhase section */

/* Begin PBXFileReference section */
		0743829B1BE19CDB001AD010 /* Practice */ = {isa = PBXFileReference; explicitFileType = "compiled.mach-o.executable"; includeInIndex = 0; path = Practice; sourceTree = BUILT_PRODUCTS_DIR; };
		0743829E1BE19CDB001AD010 /* main.cpp */ = {isa = PBXFileReference; lastKnownFileType = sourcecode.cpp.cpp; path = main.cpp; sourceTree = "<group>"; };
		074382A61BE594EC001AD010 /* LinkedList.cpp */ = {isa = PBXFileReference; fileEncoding = 4; lastKnownFileType = sourcecode.cpp.cpp; path = LinkedList.cpp; sourceTree = "<group>"; };
		074382A71BE594EC001AD010 /* LinkedList.h */ = {isa = PBXFileReference; fileEncoding = 4; lastKnownFileType = sourcecode.c.h; path = LinkedList.h; sourceTree = "<group>"; };
		07F467C31BF2CE98007FA5F3 /* SequentialList.cpp */ = {isa = PBXFileReference; fileEncoding = 4; lastKnownFileType = sourcecode.cpp.cpp; path = SequentialList.cpp; sourceTree = "<group>"; };
		07F467C41BF2CE98007FA5F3 /* SequentialList.h */ = {isa = PBXFileReference; fileEncoding = 4; lastKnownFileType = sourcecode.c.h; path = SequentialList.h; sourceTree = "<group>"; };
		07F467C61BF419BB007FA5F3 /* DoublyLinkedList.cpp */ = {isa = PBXFileReference; fileEncoding = 4; lastKnownFileType = sourcecode.cpp.cpp; path = DoublyLinkedList.cpp; sourceTree = "<group>"; };
		07F467C71BF419BB007FA5F3 /* DoublyLinkedList.h */ = {isa = PBXFileReference; fileEncoding = 4; lastKnownFileType = sourcecode.c.h; path = DoublyLinkedList.h; sourceTree = "<group>"; };
		07F467C91BF55E67007FA5F3 /* DynamicStack.cpp */ = {isa = PBXFileReference; fileEncoding = 4; lastKnownFileType = sourcecode.cpp.cpp; path = DynamicStack.cpp; sourceTree = "<group>"; };
		07F467CA1BF55E67007FA5F3 /* DynamicStack.h */ = {isa = PBXFileReference; fileEncoding = 4; lastKnownFileType = sourcecode.c.h; path = DynamicStack.h; sourceTree = "<group>"; };
		07F467CC1BF5621B007FA5F3 /* CircularQueue.cpp */ = {isa = PBXFileReference; fileEncoding = 4; lastKnownFileType = sourcecode.cpp.cpp; path = CircularQueue.cpp; sourceTree = "<group>"; };
		07F467CD1BF5621B007FA5F3 /* CircularQueue.h */ = {isa = PBXFileReference; fileEncoding = 4; lastKnownFileType = sourcecode.c.h; path = CircularQueue.h; sourceTree = "<group>"; };
		07F467CF1BF8431C007FA5F3 /* PriorityQueue.cpp */ = {isa = PBXFileReference; fileEncoding = 4; lastKnownFileType = sourcecode.cpp.cpp; path = PriorityQueue.cpp; sourceTree = "<group>"; };
		07F467D01BF8431C007FA5F3 /* PriorityQueue.h */ = {isa = PBXFileReference; fileEncoding = 4; lastKnownFileType = sourcecode.c.h; path = PriorityQueue.h; sourceTree = "<group>"; };
		07F467D21BF84329007FA5F3 /* BinarySearchTree.cpp */ = {isa = PBXFileReference; fileEncoding = 4; lastKnownFileType = sourcecode.cpp.cpp; path = BinarySearchTree.cpp; sourceTree = "<group>"; };
		07F467D31BF84329007FA5F3 /* BinarySearchTree.h */ = {isa = PBXFileReference; fileEncoding = 4; lastKnownFileType = sourcecode.c.h; path = BinarySearchTree.h; sourceTree = "<group>"; };
/* End PBXFileReference section */

/* Begin PBXFrameworksBuildPhase section */
		074382981BE19CDB001AD010 /* Frameworks */ = {
			isa = PBXFrameworksBuildPhase;
			buildActionMask = 2147483647;
			files = (
			);
			runOnlyForDeploymentPostprocessing = 0;
		};
/* End PBXFrameworksBuildPhase section */

/* Begin PBXGroup section */
		074382921BE19CDB001AD010 = {
			isa = PBXGroup;
			children = (
				0743829D1BE19CDB001AD010 /* Practice */,
				0743829C1BE19CDB001AD010 /* Products */,
			);
			sourceTree = "<group>";
		};
		0743829C1BE19CDB001AD010 /* Products */ = {
			isa = PBXGroup;
			children = (
				0743829B1BE19CDB001AD010 /* Practice */,
			);
			name = Products;
			sourceTree = "<group>";
		};
		0743829D1BE19CDB001AD010 /* Practice */ = {
			isa = PBXGroup;
			children = (
				0743829E1BE19CDB001AD010 /* main.cpp */,
				074382A61BE594EC001AD010 /* LinkedList.cpp */,
				074382A71BE594EC001AD010 /* LinkedList.h */,
				07F467C31BF2CE98007FA5F3 /* SequentialList.cpp */,
				07F467C41BF2CE98007FA5F3 /* SequentialList.h */,
				07F467C61BF419BB007FA5F3 /* DoublyLinkedList.cpp */,
				07F467C71BF419BB007FA5F3 /* DoublyLinkedList.h */,
				07F467C91BF55E67007FA5F3 /* DynamicStack.cpp */,
				07F467CA1BF55E67007FA5F3 /* DynamicStack.h */,
				07F467CC1BF5621B007FA5F3 /* CircularQueue.cpp */,
				07F467CD1BF5621B007FA5F3 /* CircularQueue.h */,
				07F467CF1BF8431C007FA5F3 /* PriorityQueue.cpp */,
				07F467D01BF8431C007FA5F3 /* PriorityQueue.h */,
				07F467D21BF84329007FA5F3 /* BinarySearchTree.cpp */,
				07F467D31BF84329007FA5F3 /* BinarySearchTree.h */,
			);
			path = Practice;
			sourceTree = "<group>";
		};
/* End PBXGroup section */

/* Begin PBXNativeTarget section */
		0743829A1BE19CDB001AD010 /* Practice */ = {
			isa = PBXNativeTarget;
			buildConfigurationList = 074382A21BE19CDB001AD010 /* Build configuration list for PBXNativeTarget "Practice" */;
			buildPhases = (
				074382971BE19CDB001AD010 /* Sources */,
				074382981BE19CDB001AD010 /* Frameworks */,
				074382991BE19CDB001AD010 /* CopyFiles */,
			);
			buildRules = (
			);
			dependencies = (
			);
			name = Practice;
			productName = Practice;
			productReference = 0743829B1BE19CDB001AD010 /* Practice */;
			productType = "com.apple.product-type.tool";
		};
/* End PBXNativeTarget section */

/* Begin PBXProject section */
		074382931BE19CDB001AD010 /* Project object */ = {
			isa = PBXProject;
			attributes = {
				LastUpgradeCheck = 0610;
				ORGANIZATIONNAME = "Peter Hyungrok Sung";
				TargetAttributes = {
					0743829A1BE19CDB001AD010 = {
						CreatedOnToolsVersion = 6.1.1;
					};
				};
			};
			buildConfigurationList = 074382961BE19CDB001AD010 /* Build configuration list for PBXProject "Practice" */;
			compatibilityVersion = "Xcode 3.2";
			developmentRegion = English;
			hasScannedForEncodings = 0;
			knownRegions = (
				en,
			);
			mainGroup = 074382921BE19CDB001AD010;
			productRefGroup = 0743829C1BE19CDB001AD010 /* Products */;
			projectDirPath = "";
			projectRoot = "";
			targets = (
				0743829A1BE19CDB001AD010 /* Practice */,
			);
		};
/* End PBXProject section */

/* Begin PBXSourcesBuildPhase section */
		074382971BE19CDB001AD010 /* Sources */ = {
			isa = PBXSourcesBuildPhase;
			buildActionMask = 2147483647;
			files = (
				07F467D41BF84329007FA5F3 /* BinarySearchTree.cpp in Sources */,
				07F467D11BF8431C007FA5F3 /* PriorityQueue.cpp in Sources */,
				074382A81BE594EC001AD010 /* LinkedList.cpp in Sources */,
				07F467C51BF2CE98007FA5F3 /* SequentialList.cpp in Sources */,
				0743829F1BE19CDB001AD010 /* main.cpp in Sources */,
				07F467CB1BF55E67007FA5F3 /* DynamicStack.cpp in Sources */,
				07F467CE1BF5621B007FA5F3 /* CircularQueue.cpp in Sources */,
				07F467C81BF419BB007FA5F3 /* DoublyLinkedList.cpp in Sources */,
			);
			runOnlyForDeploymentPostprocessing = 0;
		};
/* End PBXSourcesBuildPhase section */

/* Begin XCBuildConfiguration section */
		074382A01BE19CDB001AD010 /* Debug */ = {
			isa = XCBuildConfiguration;
			buildSettings = {
				ALWAYS_SEARCH_USER_PATHS = NO;
				CLANG_CXX_LANGUAGE_STANDARD = "gnu++0x";
				CLANG_CXX_LIBRARY = "libc++";
				CLANG_ENABLE_MODULES = YES;
				CLANG_ENABLE_OBJC_ARC = YES;
				CLANG_WARN_BOOL_CONVERSION = YES;
				CLANG_WARN_CONSTANT_CONVERSION = YES;
				CLANG_WARN_DIRECT_OBJC_ISA_USAGE = YES_ERROR;
				CLANG_WARN_EMPTY_BODY = YES;
				CLANG_WARN_ENUM_CONVERSION = YES;
				CLANG_WARN_INT_CONVERSION = YES;
				CLANG_WARN_OBJC_ROOT_CLASS = YES_ERROR;
				CLANG_WARN_UNREACHABLE_CODE = YES;
				CLANG_WARN__DUPLICATE_METHOD_MATCH = YES;
				COPY_PHASE_STRIP = NO;
				ENABLE_STRICT_OBJC_MSGSEND = YES;
				GCC_C_LANGUAGE_STANDARD = gnu99;
				GCC_DYNAMIC_NO_PIC = NO;
				GCC_OPTIMIZATION_LEVEL = 0;
				GCC_PREPROCESSOR_DEFINITIONS = (
					"DEBUG=1",
					"$(inherited)",
				);
				GCC_SYMBOLS_PRIVATE_EXTERN = NO;
				GCC_WARN_64_TO_32_BIT_CONVERSION = YES;
				GCC_WARN_ABOUT_RETURN_TYPE = YES_ERROR;
				GCC_WARN_UNDECLARED_SELECTOR = YES;
				GCC_WARN_UNINITIALIZED_AUTOS = YES_AGGRESSIVE;
				GCC_WARN_UNUSED_FUNCTION = YES;
				GCC_WARN_UNUSED_VARIABLE = YES;
				MACOSX_DEPLOYMENT_TARGET = 10.10;
				MTL_ENABLE_DEBUG_INFO = YES;
				ONLY_ACTIVE_ARCH = YES;
				SDKROOT = macosx;
			};
			name = Debug;
		};
		074382A11BE19CDB001AD010 /* Release */ = {
			isa = XCBuildConfiguration;
			buildSettings = {
				ALWAYS_SEARCH_USER_PATHS = NO;
				CLANG_CXX_LANGUAGE_STANDARD = "gnu++0x";
				CLANG_CXX_LIBRARY = "libc++";
				CLANG_ENABLE_MODULES = YES;
				CLANG_ENABLE_OBJC_ARC = YES;
				CLANG_WARN_BOOL_CONVERSION = YES;
				CLANG_WARN_CONSTANT_CONVERSION = YES;
				CLANG_WARN_DIRECT_OBJC_ISA_USAGE = YES_ERROR;
				CLANG_WARN_EMPTY_BODY = YES;
				CLANG_WARN_ENUM_CONVERSION = YES;
				CLANG_WARN_INT_CONVERSION = YES;
				CLANG_WARN_OBJC_ROOT_CLASS = YES_ERROR;
				CLANG_WARN_UNREACHABLE_CODE = YES;
				CLANG_WARN__DUPLICATE_METHOD_MATCH = YES;
				COPY_PHASE_STRIP = YES;
				DEBUG_INFORMATION_FORMAT = "dwarf-with-dsym";
				ENABLE_NS_ASSERTIONS = NO;
				ENABLE_STRICT_OBJC_MSGSEND = YES;
				GCC_C_LANGUAGE_STANDARD = gnu99;
				GCC_WARN_64_TO_32_BIT_CONVERSION = YES;
				GCC_WARN_ABOUT_RETURN_TYPE = YES_ERROR;
				GCC_WARN_UNDECLARED_SELECTOR = YES;
				GCC_WARN_UNINITIALIZED_AUTOS = YES_AGGRESSIVE;
				GCC_WARN_UNUSED_FUNCTION = YES;
				GCC_WARN_UNUSED_VARIABLE = YES;
				MACOSX_DEPLOYMENT_TARGET = 10.10;
				MTL_ENABLE_DEBUG_INFO = NO;
				SDKROOT = macosx;
			};
			name = Release;
		};
		074382A31BE19CDB001AD010 /* Debug */ = {
			isa = XCBuildConfiguration;
			buildSettings = {
				PRODUCT_NAME = "$(TARGET_NAME)";
			};
			name = Debug;
		};
		074382A41BE19CDB001AD010 /* Release */ = {
			isa = XCBuildConfiguration;
			buildSettings = {
				PRODUCT_NAME = "$(TARGET_NAME)";
			};
			name = Release;
		};
/* End XCBuildConfiguration section */

/* Begin XCConfigurationList section */
		074382961BE19CDB001AD010 /* Build configuration list for PBXProject "Practice" */ = {
			isa = XCConfigurationList;
			buildConfigurations = (
				074382A01BE19CDB001AD010 /* Debug */,
				074382A11BE19CDB001AD010 /* Release */,
			);
			defaultConfigurationIsVisible = 0;
			defaultConfigurationName = Release;
		};
		074382A21BE19CDB001AD010 /* Build configuration list for PBXNativeTarget "Practice" */ = {
			isa = XCConfigurationList;
			buildConfigurations = (
				074382A31BE19CDB001AD010 /* Debug */,
				074382A41BE19CDB001AD010 /* Release */,
			);
			defaultConfigurationIsVisible = 0;
			defaultConfigurationName = Release;
		};
/* End XCConfigurationList section */
	};
	rootObject = 074382931BE19CDB001AD010 /* Project object */;
}
